// !$*UTF8*$!
{
	archiveVersion = 1;
	classes = {
	};
	objectVersion = 50;
	objects = {

/* Begin PBXBuildFile section */
		A259F92A24C37FDB003BE743 /* AppDelegate.swift in Sources */ = {isa = PBXBuildFile; fileRef = A259F92924C37FDB003BE743 /* AppDelegate.swift */; };
		A259F92C24C37FDB003BE743 /* SceneDelegate.swift in Sources */ = {isa = PBXBuildFile; fileRef = A259F92B24C37FDB003BE743 /* SceneDelegate.swift */; };
		A259F92E24C37FDB003BE743 /* ContentView.swift in Sources */ = {isa = PBXBuildFile; fileRef = A259F92D24C37FDB003BE743 /* ContentView.swift */; };
		A259F93024C37FDD003BE743 /* Assets.xcassets in Resources */ = {isa = PBXBuildFile; fileRef = A259F92F24C37FDD003BE743 /* Assets.xcassets */; };
		A259F93324C37FDD003BE743 /* Preview Assets.xcassets in Resources */ = {isa = PBXBuildFile; fileRef = A259F93224C37FDD003BE743 /* Preview Assets.xcassets */; };
		A259F93624C37FDD003BE743 /* LaunchScreen.storyboard in Resources */ = {isa = PBXBuildFile; fileRef = A259F93424C37FDD003BE743 /* LaunchScreen.storyboard */; };
		A259F93E24C3803E003BE743 /* MainAnimationView.swift in Sources */ = {isa = PBXBuildFile; fileRef = A259F93D24C3803E003BE743 /* MainAnimationView.swift */; };
		A259F94024C38221003BE743 /* SideMenu.swift in Sources */ = {isa = PBXBuildFile; fileRef = A259F93F24C38221003BE743 /* SideMenu.swift */; };
		A259F94224C390B5003BE743 /* Home.swift in Sources */ = {isa = PBXBuildFile; fileRef = A259F94124C390B5003BE743 /* Home.swift */; };
		A259F94424C390F5003BE743 /* NavigationBar.swift in Sources */ = {isa = PBXBuildFile; fileRef = A259F94324C390F5003BE743 /* NavigationBar.swift */; };
		A2C37A5324C7852F0043F7B1 /* BgView.swift in Sources */ = {isa = PBXBuildFile; fileRef = A2C37A5224C7852F0043F7B1 /* BgView.swift */; };
		A2C37A5724C88B0B0043F7B1 /* Login.swift in Sources */ = {isa = PBXBuildFile; fileRef = A2C37A5624C88B0B0043F7B1 /* Login.swift */; };
		A2C37A5B24C8E7D30043F7B1 /* BaseView.swift in Sources */ = {isa = PBXBuildFile; fileRef = A2C37A5A24C8E7D30043F7B1 /* BaseView.swift */; };
		A2C37A5D24C9CC6B0043F7B1 /* MainView.swift in Sources */ = {isa = PBXBuildFile; fileRef = A2C37A5C24C9CC6B0043F7B1 /* MainView.swift */; };
		A2C37A5F24C9D4D10043F7B1 /* MyCompanys.swift in Sources */ = {isa = PBXBuildFile; fileRef = A2C37A5E24C9D4D10043F7B1 /* MyCompanys.swift */; };
		A2C37A6124CA13790043F7B1 /* ViewRouter.swift in Sources */ = {isa = PBXBuildFile; fileRef = A2C37A6024CA13790043F7B1 /* ViewRouter.swift */; };
		A2C37A6324CB56FC0043F7B1 /* NavigateModifier.swift in Sources */ = {isa = PBXBuildFile; fileRef = A2C37A6224CB56FC0043F7B1 /* NavigateModifier.swift */; };
		A2C37A6624CB9B540043F7B1 /* ListItem.swift in Sources */ = {isa = PBXBuildFile; fileRef = A2C37A6524CB9B530043F7B1 /* ListItem.swift */; };
		A2C37A6824CBCD590043F7B1 /* DetailView.swift in Sources */ = {isa = PBXBuildFile; fileRef = A2C37A6724CBCD580043F7B1 /* DetailView.swift */; };
/* End PBXBuildFile section */

/* Begin PBXFileReference section */
		A259F92624C37FDB003BE743 /* Prototype.app */ = {isa = PBXFileReference; explicitFileType = wrapper.application; includeInIndex = 0; path = Prototype.app; sourceTree = BUILT_PRODUCTS_DIR; };
		A259F92924C37FDB003BE743 /* AppDelegate.swift */ = {isa = PBXFileReference; lastKnownFileType = sourcecode.swift; path = AppDelegate.swift; sourceTree = "<group>"; };
		A259F92B24C37FDB003BE743 /* SceneDelegate.swift */ = {isa = PBXFileReference; lastKnownFileType = sourcecode.swift; path = SceneDelegate.swift; sourceTree = "<group>"; };
		A259F92D24C37FDB003BE743 /* ContentView.swift */ = {isa = PBXFileReference; lastKnownFileType = sourcecode.swift; path = ContentView.swift; sourceTree = "<group>"; };
		A259F92F24C37FDD003BE743 /* Assets.xcassets */ = {isa = PBXFileReference; lastKnownFileType = folder.assetcatalog; path = Assets.xcassets; sourceTree = "<group>"; };
		A259F93224C37FDD003BE743 /* Preview Assets.xcassets */ = {isa = PBXFileReference; lastKnownFileType = folder.assetcatalog; path = "Preview Assets.xcassets"; sourceTree = "<group>"; };
		A259F93524C37FDD003BE743 /* Base */ = {isa = PBXFileReference; lastKnownFileType = file.storyboard; name = Base; path = Base.lproj/LaunchScreen.storyboard; sourceTree = "<group>"; };
		A259F93724C37FDD003BE743 /* Info.plist */ = {isa = PBXFileReference; lastKnownFileType = text.plist.xml; path = Info.plist; sourceTree = "<group>"; };
		A259F93D24C3803E003BE743 /* MainAnimationView.swift */ = {isa = PBXFileReference; lastKnownFileType = sourcecode.swift; path = MainAnimationView.swift; sourceTree = "<group>"; };
		A259F93F24C38221003BE743 /* SideMenu.swift */ = {isa = PBXFileReference; lastKnownFileType = sourcecode.swift; path = SideMenu.swift; sourceTree = "<group>"; };
		A259F94124C390B5003BE743 /* Home.swift */ = {isa = PBXFileReference; lastKnownFileType = sourcecode.swift; path = Home.swift; sourceTree = "<group>"; };
		A259F94324C390F5003BE743 /* NavigationBar.swift */ = {isa = PBXFileReference; lastKnownFileType = sourcecode.swift; path = NavigationBar.swift; sourceTree = "<group>"; };
		A2C37A5224C7852F0043F7B1 /* BgView.swift */ = {isa = PBXFileReference; lastKnownFileType = sourcecode.swift; path = BgView.swift; sourceTree = "<group>"; };
		A2C37A5624C88B0B0043F7B1 /* Login.swift */ = {isa = PBXFileReference; lastKnownFileType = sourcecode.swift; path = Login.swift; sourceTree = "<group>"; };
		A2C37A5A24C8E7D30043F7B1 /* BaseView.swift */ = {isa = PBXFileReference; lastKnownFileType = sourcecode.swift; path = BaseView.swift; sourceTree = "<group>"; };
		A2C37A5C24C9CC6B0043F7B1 /* MainView.swift */ = {isa = PBXFileReference; lastKnownFileType = sourcecode.swift; path = MainView.swift; sourceTree = "<group>"; };
		A2C37A5E24C9D4D10043F7B1 /* MyCompanys.swift */ = {isa = PBXFileReference; lastKnownFileType = sourcecode.swift; path = MyCompanys.swift; sourceTree = "<group>"; };
		A2C37A6024CA13790043F7B1 /* ViewRouter.swift */ = {isa = PBXFileReference; lastKnownFileType = sourcecode.swift; path = ViewRouter.swift; sourceTree = "<group>"; };
		A2C37A6224CB56FC0043F7B1 /* NavigateModifier.swift */ = {isa = PBXFileReference; lastKnownFileType = sourcecode.swift; path = NavigateModifier.swift; sourceTree = "<group>"; };
		A2C37A6524CB9B530043F7B1 /* ListItem.swift */ = {isa = PBXFileReference; lastKnownFileType = sourcecode.swift; path = ListItem.swift; sourceTree = "<group>"; };
		A2C37A6724CBCD580043F7B1 /* DetailView.swift */ = {isa = PBXFileReference; lastKnownFileType = sourcecode.swift; path = DetailView.swift; sourceTree = "<group>"; };
/* End PBXFileReference section */

/* Begin PBXFrameworksBuildPhase section */
		A259F92324C37FDB003BE743 /* Frameworks */ = {
			isa = PBXFrameworksBuildPhase;
			buildActionMask = 2147483647;
			files = (
			);
			runOnlyForDeploymentPostprocessing = 0;
		};
/* End PBXFrameworksBuildPhase section */

/* Begin PBXGroup section */
		A259F91D24C37FDB003BE743 = {
			isa = PBXGroup;
			children = (
				A259F92824C37FDB003BE743 /* Prototype */,
				A259F92724C37FDB003BE743 /* Products */,
			);
			sourceTree = "<group>";
		};
		A259F92724C37FDB003BE743 /* Products */ = {
			isa = PBXGroup;
			children = (
				A259F92624C37FDB003BE743 /* Prototype.app */,
			);
			name = Products;
			sourceTree = "<group>";
		};
		A259F92824C37FDB003BE743 /* Prototype */ = {
			isa = PBXGroup;
			children = (
				A259F92924C37FDB003BE743 /* AppDelegate.swift */,
				A259F92B24C37FDB003BE743 /* SceneDelegate.swift */,
				A259F92D24C37FDB003BE743 /* ContentView.swift */,
				A259F92F24C37FDD003BE743 /* Assets.xcassets */,
				A259F93424C37FDD003BE743 /* LaunchScreen.storyboard */,
				A259F93724C37FDD003BE743 /* Info.plist */,
				A259F93124C37FDD003BE743 /* Preview Content */,
				A259F93D24C3803E003BE743 /* MainAnimationView.swift */,
				A259F93F24C38221003BE743 /* SideMenu.swift */,
				A259F94124C390B5003BE743 /* Home.swift */,
				A259F94324C390F5003BE743 /* NavigationBar.swift */,
				A2C37A5224C7852F0043F7B1 /* BgView.swift */,
				A2C37A5624C88B0B0043F7B1 /* Login.swift */,
				A2C37A5A24C8E7D30043F7B1 /* BaseView.swift */,
				A2C37A5C24C9CC6B0043F7B1 /* MainView.swift */,
				A2C37A5E24C9D4D10043F7B1 /* MyCompanys.swift */,
				A2C37A6024CA13790043F7B1 /* ViewRouter.swift */,
				A2C37A6224CB56FC0043F7B1 /* NavigateModifier.swift */,
				A2C37A6524CB9B530043F7B1 /* ListItem.swift */,
				A2C37A6724CBCD580043F7B1 /* DetailView.swift */,
			);
			path = Prototype;
			sourceTree = "<group>";
		};
		A259F93124C37FDD003BE743 /* Preview Content */ = {
			isa = PBXGroup;
			children = (
				A259F93224C37FDD003BE743 /* Preview Assets.xcassets */,
			);
			path = "Preview Content";
			sourceTree = "<group>";
		};
/* End PBXGroup section */

/* Begin PBXNativeTarget section */
		A259F92524C37FDB003BE743 /* Prototype */ = {
			isa = PBXNativeTarget;
			buildConfigurationList = A259F93A24C37FDD003BE743 /* Build configuration list for PBXNativeTarget "Prototype" */;
			buildPhases = (
				A259F92224C37FDB003BE743 /* Sources */,
				A259F92324C37FDB003BE743 /* Frameworks */,
				A259F92424C37FDB003BE743 /* Resources */,
			);
			buildRules = (
			);
			dependencies = (
			);
			name = Prototype;
			productName = Prototype;
			productReference = A259F92624C37FDB003BE743 /* Prototype.app */;
			productType = "com.apple.product-type.application";
		};
/* End PBXNativeTarget section */

/* Begin PBXProject section */
		A259F91E24C37FDB003BE743 /* Project object */ = {
			isa = PBXProject;
			attributes = {
				LastSwiftUpdateCheck = 1150;
				LastUpgradeCheck = 1150;
				ORGANIZATIONNAME = "Abdul Wahab";
				TargetAttributes = {
					A259F92524C37FDB003BE743 = {
						CreatedOnToolsVersion = 11.5;
					};
				};
			};
			buildConfigurationList = A259F92124C37FDB003BE743 /* Build configuration list for PBXProject "Prototype" */;
			compatibilityVersion = "Xcode 9.3";
			developmentRegion = en;
			hasScannedForEncodings = 0;
			knownRegions = (
				en,
				Base,
			);
			mainGroup = A259F91D24C37FDB003BE743;
			productRefGroup = A259F92724C37FDB003BE743 /* Products */;
			projectDirPath = "";
			projectRoot = "";
			targets = (
				A259F92524C37FDB003BE743 /* Prototype */,
			);
		};
/* End PBXProject section */

/* Begin PBXResourcesBuildPhase section */
		A259F92424C37FDB003BE743 /* Resources */ = {
			isa = PBXResourcesBuildPhase;
			buildActionMask = 2147483647;
			files = (
				A259F93624C37FDD003BE743 /* LaunchScreen.storyboard in Resources */,
				A259F93324C37FDD003BE743 /* Preview Assets.xcassets in Resources */,
				A259F93024C37FDD003BE743 /* Assets.xcassets in Resources */,
			);
			runOnlyForDeploymentPostprocessing = 0;
		};
/* End PBXResourcesBuildPhase section */

/* Begin PBXSourcesBuildPhase section */
		A259F92224C37FDB003BE743 /* Sources */ = {
			isa = PBXSourcesBuildPhase;
			buildActionMask = 2147483647;
			files = (
				A2C37A6624CB9B540043F7B1 /* ListItem.swift in Sources */,
				A259F92A24C37FDB003BE743 /* AppDelegate.swift in Sources */,
				A259F92C24C37FDB003BE743 /* SceneDelegate.swift in Sources */,
				A259F94024C38221003BE743 /* SideMenu.swift in Sources */,
				A2C37A6124CA13790043F7B1 /* ViewRouter.swift in Sources */,
				A2C37A5324C7852F0043F7B1 /* BgView.swift in Sources */,
				A259F93E24C3803E003BE743 /* MainAnimationView.swift in Sources */,
				A259F94424C390F5003BE743 /* NavigationBar.swift in Sources */,
				A2C37A5724C88B0B0043F7B1 /* Login.swift in Sources */,
				A2C37A6824CBCD590043F7B1 /* DetailView.swift in Sources */,
				A2C37A5F24C9D4D10043F7B1 /* MyCompanys.swift in Sources */,
				A2C37A6324CB56FC0043F7B1 /* NavigateModifier.swift in Sources */,
				A2C37A5D24C9CC6B0043F7B1 /* MainView.swift in Sources */,
				A2C37A5B24C8E7D30043F7B1 /* BaseView.swift in Sources */,
				A259F94224C390B5003BE743 /* Home.swift in Sources */,
				A259F92E24C37FDB003BE743 /* ContentView.swift in Sources */,
			);
			runOnlyForDeploymentPostprocessing = 0;
		};
/* End PBXSourcesBuildPhase section */

/* Begin PBXVariantGroup section */
		A259F93424C37FDD003BE743 /* LaunchScreen.storyboard */ = {
			isa = PBXVariantGroup;
			children = (
				A259F93524C37FDD003BE743 /* Base */,
			);
			name = LaunchScreen.storyboard;
			sourceTree = "<group>";
		};
/* End PBXVariantGroup section */

/* Begin XCBuildConfiguration section */
		A259F93824C37FDD003BE743 /* Debug */ = {
			isa = XCBuildConfiguration;
			buildSettings = {
				ALWAYS_SEARCH_USER_PATHS = NO;
				CLANG_ANALYZER_NONNULL = YES;
				CLANG_ANALYZER_NUMBER_OBJECT_CONVERSION = YES_AGGRESSIVE;
				CLANG_CXX_LANGUAGE_STANDARD = "gnu++14";
				CLANG_CXX_LIBRARY = "libc++";
				CLANG_ENABLE_MODULES = YES;
				CLANG_ENABLE_OBJC_ARC = YES;
				CLANG_ENABLE_OBJC_WEAK = YES;
				CLANG_WARN_BLOCK_CAPTURE_AUTORELEASING = YES;
				CLANG_WARN_BOOL_CONVERSION = YES;
				CLANG_WARN_COMMA = YES;
				CLANG_WARN_CONSTANT_CONVERSION = YES;
				CLANG_WARN_DEPRECATED_OBJC_IMPLEMENTATIONS = YES;
				CLANG_WARN_DIRECT_OBJC_ISA_USAGE = YES_ERROR;
				CLANG_WARN_DOCUMENTATION_COMMENTS = YES;
				CLANG_WARN_EMPTY_BODY = YES;
				CLANG_WARN_ENUM_CONVERSION = YES;
				CLANG_WARN_INFINITE_RECURSION = YES;
				CLANG_WARN_INT_CONVERSION = YES;
				CLANG_WARN_NON_LITERAL_NULL_CONVERSION = YES;
				CLANG_WARN_OBJC_IMPLICIT_RETAIN_SELF = YES;
				CLANG_WARN_OBJC_LITERAL_CONVERSION = YES;
				CLANG_WARN_OBJC_ROOT_CLASS = YES_ERROR;
				CLANG_WARN_RANGE_LOOP_ANALYSIS = YES;
				CLANG_WARN_STRICT_PROTOTYPES = YES;
				CLANG_WARN_SUSPICIOUS_MOVE = YES;
				CLANG_WARN_UNGUARDED_AVAILABILITY = YES_AGGRESSIVE;
				CLANG_WARN_UNREACHABLE_CODE = YES;
				CLANG_WARN__DUPLICATE_METHOD_MATCH = YES;
				COPY_PHASE_STRIP = NO;
				DEBUG_INFORMATION_FORMAT = dwarf;
				ENABLE_STRICT_OBJC_MSGSEND = YES;
				ENABLE_TESTABILITY = YES;
				GCC_C_LANGUAGE_STANDARD = gnu11;
				GCC_DYNAMIC_NO_PIC = NO;
				GCC_NO_COMMON_BLOCKS = YES;
				GCC_OPTIMIZATION_LEVEL = 0;
				GCC_PREPROCESSOR_DEFINITIONS = (
					"DEBUG=1",
					"$(inherited)",
				);
				GCC_WARN_64_TO_32_BIT_CONVERSION = YES;
				GCC_WARN_ABOUT_RETURN_TYPE = YES_ERROR;
				GCC_WARN_UNDECLARED_SELECTOR = YES;
				GCC_WARN_UNINITIALIZED_AUTOS = YES_AGGRESSIVE;
				GCC_WARN_UNUSED_FUNCTION = YES;
				GCC_WARN_UNUSED_VARIABLE = YES;
				IPHONEOS_DEPLOYMENT_TARGET = 13.5;
				MTL_ENABLE_DEBUG_INFO = INCLUDE_SOURCE;
				MTL_FAST_MATH = YES;
				ONLY_ACTIVE_ARCH = YES;
				SDKROOT = iphoneos;
				SWIFT_ACTIVE_COMPILATION_CONDITIONS = DEBUG;
				SWIFT_OPTIMIZATION_LEVEL = "-Onone";
			};
			name = Debug;
		};
		A259F93924C37FDD003BE743 /* Release */ = {
			isa = XCBuildConfiguration;
			buildSettings = {
				ALWAYS_SEARCH_USER_PATHS = NO;
				CLANG_ANALYZER_NONNULL = YES;
				CLANG_ANALYZER_NUMBER_OBJECT_CONVERSION = YES_AGGRESSIVE;
				CLANG_CXX_LANGUAGE_STANDARD = "gnu++14";
				CLANG_CXX_LIBRARY = "libc++";
				CLANG_ENABLE_MODULES = YES;
				CLANG_ENABLE_OBJC_ARC = YES;
				CLANG_ENABLE_OBJC_WEAK = YES;
				CLANG_WARN_BLOCK_CAPTURE_AUTORELEASING = YES;
				CLANG_WARN_BOOL_CONVERSION = YES;
				CLANG_WARN_COMMA = YES;
				CLANG_WARN_CONSTANT_CONVERSION = YES;
				CLANG_WARN_DEPRECATED_OBJC_IMPLEMENTATIONS = YES;
				CLANG_WARN_DIRECT_OBJC_ISA_USAGE = YES_ERROR;
				CLANG_WARN_DOCUMENTATION_COMMENTS = YES;
				CLANG_WARN_EMPTY_BODY = YES;
				CLANG_WARN_ENUM_CONVERSION = YES;
				CLANG_WARN_INFINITE_RECURSION = YES;
				CLANG_WARN_INT_CONVERSION = YES;
				CLANG_WARN_NON_LITERAL_NULL_CONVERSION = YES;
				CLANG_WARN_OBJC_IMPLICIT_RETAIN_SELF = YES;
				CLANG_WARN_OBJC_LITERAL_CONVERSION = YES;
				CLANG_WARN_OBJC_ROOT_CLASS = YES_ERROR;
				CLANG_WARN_RANGE_LOOP_ANALYSIS = YES;
				CLANG_WARN_STRICT_PROTOTYPES = YES;
				CLANG_WARN_SUSPICIOUS_MOVE = YES;
				CLANG_WARN_UNGUARDED_AVAILABILITY = YES_AGGRESSIVE;
				CLANG_WARN_UNREACHABLE_CODE = YES;
				CLANG_WARN__DUPLICATE_METHOD_MATCH = YES;
				COPY_PHASE_STRIP = NO;
				DEBUG_INFORMATION_FORMAT = "dwarf-with-dsym";
				ENABLE_NS_ASSERTIONS = NO;
				ENABLE_STRICT_OBJC_MSGSEND = YES;
				GCC_C_LANGUAGE_STANDARD = gnu11;
				GCC_NO_COMMON_BLOCKS = YES;
				GCC_WARN_64_TO_32_BIT_CONVERSION = YES;
				GCC_WARN_ABOUT_RETURN_TYPE = YES_ERROR;
				GCC_WARN_UNDECLARED_SELECTOR = YES;
				GCC_WARN_UNINITIALIZED_AUTOS = YES_AGGRESSIVE;
				GCC_WARN_UNUSED_FUNCTION = YES;
				GCC_WARN_UNUSED_VARIABLE = YES;
				IPHONEOS_DEPLOYMENT_TARGET = 13.5;
				MTL_ENABLE_DEBUG_INFO = NO;
				MTL_FAST_MATH = YES;
				SDKROOT = iphoneos;
				SWIFT_COMPILATION_MODE = wholemodule;
				SWIFT_OPTIMIZATION_LEVEL = "-O";
				VALIDATE_PRODUCT = YES;
			};
			name = Release;
		};
		A259F93B24C37FDD003BE743 /* Debug */ = {
			isa = XCBuildConfiguration;
			buildSettings = {
				ASSETCATALOG_COMPILER_APPICON_NAME = AppIcon;
				CODE_SIGN_STYLE = Automatic;
				DEVELOPMENT_ASSET_PATHS = "\"Prototype/Preview Content\"";
				DEVELOPMENT_TEAM = R79Q72Y84N;
				ENABLE_PREVIEWS = YES;
				INFOPLIST_FILE = Prototype/Info.plist;
				LD_RUNPATH_SEARCH_PATHS = (
					"$(inherited)",
					"@executable_path/Frameworks",
				);
				PRODUCT_BUNDLE_IDENTIFIER = com.multi.Prototype;
				PRODUCT_NAME = "$(TARGET_NAME)";
				SWIFT_VERSION = 5.0;
				TARGETED_DEVICE_FAMILY = "1,2";
			};
			name = Debug;
		};
		A259F93C24C37FDD003BE743 /* Release */ = {
			isa = XCBuildConfiguration;
			buildSettings = {
				ASSETCATALOG_COMPILER_APPICON_NAME = AppIcon;
				CODE_SIGN_STYLE = Automatic;
				DEVELOPMENT_ASSET_PATHS = "\"Prototype/Preview Content\"";
				DEVELOPMENT_TEAM = R79Q72Y84N;
				ENABLE_PREVIEWS = YES;
				INFOPLIST_FILE = Prototype/Info.plist;
				LD_RUNPATH_SEARCH_PATHS = (
					"$(inherited)",
					"@executable_path/Frameworks",
				);
				PRODUCT_BUNDLE_IDENTIFIER = com.multi.Prototype;
				PRODUCT_NAME = "$(TARGET_NAME)";
				SWIFT_VERSION = 5.0;
				TARGETED_DEVICE_FAMILY = "1,2";
			};
			name = Release;
		};
/* End XCBuildConfiguration section */

/* Begin XCConfigurationList section */
		A259F92124C37FDB003BE743 /* Build configuration list for PBXProject "Prototype" */ = {
			isa = XCConfigurationList;
			buildConfigurations = (
				A259F93824C37FDD003BE743 /* Debug */,
				A259F93924C37FDD003BE743 /* Release */,
			);
			defaultConfigurationIsVisible = 0;
			defaultConfigurationName = Release;
		};
		A259F93A24C37FDD003BE743 /* Build configuration list for PBXNativeTarget "Prototype" */ = {
			isa = XCConfigurationList;
			buildConfigurations = (
				A259F93B24C37FDD003BE743 /* Debug */,
				A259F93C24C37FDD003BE743 /* Release */,
			);
			defaultConfigurationIsVisible = 0;
			defaultConfigurationName = Release;
		};
/* End XCConfigurationList section */
	};
	rootObject = A259F91E24C37FDB003BE743 /* Project object */;
}
